
Microsoft Visual Studio Solution File, Format Version 12.00
# Visual Studio Version 17
VisualStudioVersion = 17.6.33801.468
MinimumVisualStudioVersion = 10.0.40219.1
Project("{FAE04EC0-301F-11D3-BF4B-00C04F79EFBC}") = "travelapi", "travelapi\travelapi.csproj", "{F9C38D12-EF3D-450D-9C23-D0FFA696F4F6}"
EndProject
Global
	GlobalSection(SolutionConfigurationPlatforms) = preSolution
		Debug|Any CPU = Debug|Any CPU
		Release|Any CPU = Release|Any CPU
	EndGlobalSection
	GlobalSection(ProjectConfigurationPlatforms) = postSolution
		{F9C38D12-EF3D-450D-9C23-D0FFA696F4F6}.Debug|Any CPU.ActiveCfg = Debug|Any CPU
		{F9C38D12-EF3D-450D-9C23-D0FFA696F4F6}.Debug|Any CPU.Build.0 = Debug|Any CPU
		{F9C38D12-EF3D-450D-9C23-D0FFA696F4F6}.Release|Any CPU.ActiveCfg = Release|Any CPU
		{F9C38D12-EF3D-450D-9C23-D0FFA696F4F6}.Release|Any CPU.Build.0 = Release|Any CPU
	EndGlobalSection
	GlobalSection(SolutionProperties) = preSolution
		HideSolutionNode = FALSE
	EndGlobalSection
	GlobalSection(ExtensibilityGlobals) = postSolution
		SolutionGuid = {ABA67E89-A17C-4D86-9FC1-6415C241EC8E}
	EndGlobalSection
EndGlobal
